
Microsoft Visual Studio Solution File, Format Version 12.00
# Visual Studio 2013
VisualStudioVersion = 12.0.40629.0
MinimumVisualStudioVersion = 10.0.40219.1
Project("{FAE04EC0-301F-11D3-BF4B-00C04F79EFBC}") = "DataLib", "DataLib\DataLib.csproj", "{F14028ED-2AE3-452B-9780-75EC4F09B3E2}"
	ProjectSection(ProjectDependencies) = postProject
		{D44B47AF-D567-4754-8E22-B24ACAC78CA4} = {D44B47AF-D567-4754-8E22-B24ACAC78CA4}
	EndProjectSection
EndProject
Project("{FAE04EC0-301F-11D3-BF4B-00C04F79EFBC}") = "MainLib", "MainLib\MainLib.csproj", "{69D040E8-9029-45C8-8824-D64C6DD793E3}"
	ProjectSection(ProjectDependencies) = postProject
		{D44B47AF-D567-4754-8E22-B24ACAC78CA4} = {D44B47AF-D567-4754-8E22-B24ACAC78CA4}
		{7914BFC6-1B77-4DAF-8F8C-7AF1AA9DEDC1} = {7914BFC6-1B77-4DAF-8F8C-7AF1AA9DEDC1}
		{F14028ED-2AE3-452B-9780-75EC4F09B3E2} = {F14028ED-2AE3-452B-9780-75EC4F09B3E2}
	EndProjectSection
EndProject
Project("{FAE04EC0-301F-11D3-BF4B-00C04F79EFBC}") = "Registry", "Registry\Registry.csproj", "{39195B37-33A6-417A-8F77-DFB0EC8F3DD4}"
	ProjectSection(ProjectDependencies) = postProject
		{D44B47AF-D567-4754-8E22-B24ACAC78CA4} = {D44B47AF-D567-4754-8E22-B24ACAC78CA4}
		{7914BFC6-1B77-4DAF-8F8C-7AF1AA9DEDC1} = {7914BFC6-1B77-4DAF-8F8C-7AF1AA9DEDC1}
		{69D040E8-9029-45C8-8824-D64C6DD793E3} = {69D040E8-9029-45C8-8824-D64C6DD793E3}
		{F14028ED-2AE3-452B-9780-75EC4F09B3E2} = {F14028ED-2AE3-452B-9780-75EC4F09B3E2}
	EndProjectSection
EndProject
Project("{00D1A9C2-B5F0-4AF3-8072-F6C62B433612}") = "DatabaseProject", "DatabaseProject\DatabaseProject.sqlproj", "{AF5B2989-48E6-42F2-BE2C-B30F91F5287F}"
EndProject
Project("{FAE04EC0-301F-11D3-BF4B-00C04F79EFBC}") = "StuffLib", "StuffLib\StuffLib.csproj", "{D44B47AF-D567-4754-8E22-B24ACAC78CA4}"
EndProject
Project("{FAE04EC0-301F-11D3-BF4B-00C04F79EFBC}") = "Resources", "Resources\Resources.csproj", "{F5EF279C-AD37-46CD-9558-61438976B828}"
EndProject
Project("{2150E333-8FDC-42A3-9474-1A3956D46DE8}") = "Test", "Test", "{10AE5C83-B4E4-4BA5-9812-B0B1E443305D}"
EndProject
Project("{FAE04EC0-301F-11D3-BF4B-00C04F79EFBC}") = "TestCore", "TestCore\TestCore.csproj", "{D1A16BEA-8831-4464-9382-86CB9B7F5849}"
EndProject
Project("{FAE04EC0-301F-11D3-BF4B-00C04F79EFBC}") = "MainLib.Test", "MainLib.Test\MainLib.Test.csproj", "{31E345DA-8A65-436D-8DAC-EBFB6540CD00}"
EndProject
Project("{FAE04EC0-301F-11D3-BF4B-00C04F79EFBC}") = "DatabaseUpdate", "DatabaseUpdate\DatabaseUpdate.csproj", "{53C0EFF3-2F75-42C3-87C2-F59DD01D02B4}"
EndProject
Project("{FAE04EC0-301F-11D3-BF4B-00C04F79EFBC}") = "AdminTools", "AdminTools\AdminTools.csproj", "{A59841E0-E51A-4A86-A121-152EF259B761}"
EndProject
Project("{FAE04EC0-301F-11D3-BF4B-00C04F79EFBC}") = "StuffLib.Test", "StuffLib.Test\StuffLib.Test.csproj", "{4441AE3B-6EE5-4F5A-9F88-ED73BDCB1C02}"
EndProject
Project("{FAE04EC0-301F-11D3-BF4B-00C04F79EFBC}") = "Services", "Services\Services.csproj", "{7914BFC6-1B77-4DAF-8F8C-7AF1AA9DEDC1}"
	ProjectSection(ProjectDependencies) = postProject
		{D44B47AF-D567-4754-8E22-B24ACAC78CA4} = {D44B47AF-D567-4754-8E22-B24ACAC78CA4}
		{F14028ED-2AE3-452B-9780-75EC4F09B3E2} = {F14028ED-2AE3-452B-9780-75EC4F09B3E2}
	EndProjectSection
EndProject
Project("{FAE04EC0-301F-11D3-BF4B-00C04F79EFBC}") = "Commission", "Commission\Commission.csproj", "{7DA3B924-8775-423C-B0BA-3A9A56133168}"
	ProjectSection(ProjectDependencies) = postProject
		{F5EF279C-AD37-46CD-9558-61438976B828} = {F5EF279C-AD37-46CD-9558-61438976B828}
		{D44B47AF-D567-4754-8E22-B24ACAC78CA4} = {D44B47AF-D567-4754-8E22-B24ACAC78CA4}
		{7914BFC6-1B77-4DAF-8F8C-7AF1AA9DEDC1} = {7914BFC6-1B77-4DAF-8F8C-7AF1AA9DEDC1}
		{69D040E8-9029-45C8-8824-D64C6DD793E3} = {69D040E8-9029-45C8-8824-D64C6DD793E3}
		{F14028ED-2AE3-452B-9780-75EC4F09B3E2} = {F14028ED-2AE3-452B-9780-75EC4F09B3E2}
	EndProjectSection
EndProject
Project("{FAE04EC0-301F-11D3-BF4B-00C04F79EFBC}") = "Registry.Test", "Registry.Test\Registry.Test.csproj", "{69494402-9E85-4B1D-B0A1-F4D6659C5A8B}"
EndProject
Project("{2150E333-8FDC-42A3-9474-1A3956D46DE8}") = "Shell", "Shell", "{E7376175-D243-42B3-9E37-D435FBBA6E7E}"
EndProject
Project("{2150E333-8FDC-42A3-9474-1A3956D46DE8}") = "Modules", "Modules", "{7A326B5B-401A-47EE-9B6F-2EF165D40802}"
EndProject
Project("{2150E333-8FDC-42A3-9474-1A3956D46DE8}") = "Common", "Common", "{8D2EA3C0-3038-4AEC-B35F-C90A2D15BF07}"
EndProject
Project("{FAE04EC0-301F-11D3-BF4B-00C04F79EFBC}") = "Shell", "Shell\Shell.csproj", "{17E42CD8-C536-4506-89EF-826444DFBF60}"
EndProject
Project("{2150E333-8FDC-42A3-9474-1A3956D46DE8}") = ".nuget", ".nuget", "{04CF3ADE-648A-4914-B3C0-E9EB095D9B71}"
	ProjectSection(SolutionItems) = preProject
		.nuget\NuGet.Config = .nuget\NuGet.Config
		.nuget\NuGet.exe = .nuget\NuGet.exe
		.nuget\NuGet.targets = .nuget\NuGet.targets
	EndProjectSection
EndProject
Project("{FAE04EC0-301F-11D3-BF4B-00C04F79EFBC}") = "Shell.Shared", "Shell.Shared\Shell.Shared.csproj", "{4E0D997F-374E-43BE-9617-8DA82504B7C8}"
EndProject
Project("{FAE04EC0-301F-11D3-BF4B-00C04F79EFBC}") = "PatientSearchModule", "PatientSearchModule\PatientSearchModule.csproj", "{08516E48-6E7C-4B45-9C9F-5C4125B17D09}"
EndProject
Project("{FAE04EC0-301F-11D3-BF4B-00C04F79EFBC}") = "Core", "Core\Core.csproj", "{CF75CDE2-002C-4113-824A-03A3B7C6847B}"
EndProject
Project("{FAE04EC0-301F-11D3-BF4B-00C04F79EFBC}") = "Core.Data", "Core.Data\Core.Data.csproj", "{304F5AEB-4189-4C9F-96DA-C32E57E5E1BE}"
EndProject
Project("{FAE04EC0-301F-11D3-BF4B-00C04F79EFBC}") = "Core.Wpf", "Core.Wpf\Core.Wpf.csproj", "{62515044-F9C0-4D93-8B55-1407CCF8D3F2}"
EndProject
Project("{FAE04EC0-301F-11D3-BF4B-00C04F79EFBC}") = "CoreModule", "CoreModule\CoreModule.csproj", "{799C36C7-C31E-41E6-A765-0D998705E080}"
EndProject
Global
	GlobalSection(SolutionConfigurationPlatforms) = preSolution
		Debug|Any CPU = Debug|Any CPU
		Release|Any CPU = Release|Any CPU
	EndGlobalSection
	GlobalSection(ProjectConfigurationPlatforms) = postSolution
		{F14028ED-2AE3-452B-9780-75EC4F09B3E2}.Debug|Any CPU.ActiveCfg = Debug|Any CPU
		{F14028ED-2AE3-452B-9780-75EC4F09B3E2}.Debug|Any CPU.Build.0 = Debug|Any CPU
		{F14028ED-2AE3-452B-9780-75EC4F09B3E2}.Release|Any CPU.ActiveCfg = Release|Any CPU
		{F14028ED-2AE3-452B-9780-75EC4F09B3E2}.Release|Any CPU.Build.0 = Release|Any CPU
		{69D040E8-9029-45C8-8824-D64C6DD793E3}.Debug|Any CPU.ActiveCfg = Debug|Any CPU
		{69D040E8-9029-45C8-8824-D64C6DD793E3}.Debug|Any CPU.Build.0 = Debug|Any CPU
		{69D040E8-9029-45C8-8824-D64C6DD793E3}.Release|Any CPU.ActiveCfg = Release|Any CPU
		{69D040E8-9029-45C8-8824-D64C6DD793E3}.Release|Any CPU.Build.0 = Release|Any CPU
		{39195B37-33A6-417A-8F77-DFB0EC8F3DD4}.Debug|Any CPU.ActiveCfg = Debug|Any CPU
		{39195B37-33A6-417A-8F77-DFB0EC8F3DD4}.Debug|Any CPU.Build.0 = Debug|Any CPU
		{39195B37-33A6-417A-8F77-DFB0EC8F3DD4}.Release|Any CPU.ActiveCfg = Release|Any CPU
		{39195B37-33A6-417A-8F77-DFB0EC8F3DD4}.Release|Any CPU.Build.0 = Release|Any CPU
		{AF5B2989-48E6-42F2-BE2C-B30F91F5287F}.Debug|Any CPU.ActiveCfg = Debug|Any CPU
		{AF5B2989-48E6-42F2-BE2C-B30F91F5287F}.Debug|Any CPU.Build.0 = Debug|Any CPU
		{AF5B2989-48E6-42F2-BE2C-B30F91F5287F}.Debug|Any CPU.Deploy.0 = Debug|Any CPU
		{AF5B2989-48E6-42F2-BE2C-B30F91F5287F}.Release|Any CPU.ActiveCfg = Release|Any CPU
		{AF5B2989-48E6-42F2-BE2C-B30F91F5287F}.Release|Any CPU.Build.0 = Release|Any CPU
		{AF5B2989-48E6-42F2-BE2C-B30F91F5287F}.Release|Any CPU.Deploy.0 = Release|Any CPU
		{D44B47AF-D567-4754-8E22-B24ACAC78CA4}.Debug|Any CPU.ActiveCfg = Debug|Any CPU
		{D44B47AF-D567-4754-8E22-B24ACAC78CA4}.Debug|Any CPU.Build.0 = Debug|Any CPU
		{D44B47AF-D567-4754-8E22-B24ACAC78CA4}.Release|Any CPU.ActiveCfg = Release|Any CPU
		{D44B47AF-D567-4754-8E22-B24ACAC78CA4}.Release|Any CPU.Build.0 = Release|Any CPU
		{F5EF279C-AD37-46CD-9558-61438976B828}.Debug|Any CPU.ActiveCfg = Debug|Any CPU
		{F5EF279C-AD37-46CD-9558-61438976B828}.Debug|Any CPU.Build.0 = Debug|Any CPU
		{F5EF279C-AD37-46CD-9558-61438976B828}.Release|Any CPU.ActiveCfg = Release|Any CPU
		{F5EF279C-AD37-46CD-9558-61438976B828}.Release|Any CPU.Build.0 = Release|Any CPU
		{D1A16BEA-8831-4464-9382-86CB9B7F5849}.Debug|Any CPU.ActiveCfg = Debug|Any CPU
		{D1A16BEA-8831-4464-9382-86CB9B7F5849}.Debug|Any CPU.Build.0 = Debug|Any CPU
		{D1A16BEA-8831-4464-9382-86CB9B7F5849}.Release|Any CPU.ActiveCfg = Release|Any CPU
		{D1A16BEA-8831-4464-9382-86CB9B7F5849}.Release|Any CPU.Build.0 = Release|Any CPU
		{31E345DA-8A65-436D-8DAC-EBFB6540CD00}.Debug|Any CPU.ActiveCfg = Debug|Any CPU
		{31E345DA-8A65-436D-8DAC-EBFB6540CD00}.Debug|Any CPU.Build.0 = Debug|Any CPU
		{31E345DA-8A65-436D-8DAC-EBFB6540CD00}.Release|Any CPU.ActiveCfg = Release|Any CPU
		{31E345DA-8A65-436D-8DAC-EBFB6540CD00}.Release|Any CPU.Build.0 = Release|Any CPU
		{53C0EFF3-2F75-42C3-87C2-F59DD01D02B4}.Debug|Any CPU.ActiveCfg = Debug|Any CPU
		{53C0EFF3-2F75-42C3-87C2-F59DD01D02B4}.Debug|Any CPU.Build.0 = Debug|Any CPU
		{53C0EFF3-2F75-42C3-87C2-F59DD01D02B4}.Release|Any CPU.ActiveCfg = Release|Any CPU
		{53C0EFF3-2F75-42C3-87C2-F59DD01D02B4}.Release|Any CPU.Build.0 = Release|Any CPU
		{A59841E0-E51A-4A86-A121-152EF259B761}.Debug|Any CPU.ActiveCfg = Debug|Any CPU
		{A59841E0-E51A-4A86-A121-152EF259B761}.Debug|Any CPU.Build.0 = Debug|Any CPU
		{A59841E0-E51A-4A86-A121-152EF259B761}.Release|Any CPU.ActiveCfg = Release|Any CPU
		{A59841E0-E51A-4A86-A121-152EF259B761}.Release|Any CPU.Build.0 = Release|Any CPU
		{4441AE3B-6EE5-4F5A-9F88-ED73BDCB1C02}.Debug|Any CPU.ActiveCfg = Debug|Any CPU
		{4441AE3B-6EE5-4F5A-9F88-ED73BDCB1C02}.Debug|Any CPU.Build.0 = Debug|Any CPU
		{4441AE3B-6EE5-4F5A-9F88-ED73BDCB1C02}.Release|Any CPU.ActiveCfg = Release|Any CPU
		{4441AE3B-6EE5-4F5A-9F88-ED73BDCB1C02}.Release|Any CPU.Build.0 = Release|Any CPU
		{7914BFC6-1B77-4DAF-8F8C-7AF1AA9DEDC1}.Debug|Any CPU.ActiveCfg = Debug|Any CPU
		{7914BFC6-1B77-4DAF-8F8C-7AF1AA9DEDC1}.Debug|Any CPU.Build.0 = Debug|Any CPU
		{7914BFC6-1B77-4DAF-8F8C-7AF1AA9DEDC1}.Release|Any CPU.ActiveCfg = Release|Any CPU
		{7914BFC6-1B77-4DAF-8F8C-7AF1AA9DEDC1}.Release|Any CPU.Build.0 = Release|Any CPU
		{7DA3B924-8775-423C-B0BA-3A9A56133168}.Debug|Any CPU.ActiveCfg = Debug|Any CPU
		{7DA3B924-8775-423C-B0BA-3A9A56133168}.Debug|Any CPU.Build.0 = Debug|Any CPU
		{7DA3B924-8775-423C-B0BA-3A9A56133168}.Release|Any CPU.ActiveCfg = Release|Any CPU
		{7DA3B924-8775-423C-B0BA-3A9A56133168}.Release|Any CPU.Build.0 = Release|Any CPU
		{69494402-9E85-4B1D-B0A1-F4D6659C5A8B}.Debug|Any CPU.ActiveCfg = Debug|Any CPU
		{69494402-9E85-4B1D-B0A1-F4D6659C5A8B}.Debug|Any CPU.Build.0 = Debug|Any CPU
		{69494402-9E85-4B1D-B0A1-F4D6659C5A8B}.Release|Any CPU.ActiveCfg = Release|Any CPU
		{69494402-9E85-4B1D-B0A1-F4D6659C5A8B}.Release|Any CPU.Build.0 = Release|Any CPU
		{17E42CD8-C536-4506-89EF-826444DFBF60}.Debug|Any CPU.ActiveCfg = Debug|Any CPU
		{17E42CD8-C536-4506-89EF-826444DFBF60}.Debug|Any CPU.Build.0 = Debug|Any CPU
		{17E42CD8-C536-4506-89EF-826444DFBF60}.Release|Any CPU.ActiveCfg = Release|Any CPU
		{17E42CD8-C536-4506-89EF-826444DFBF60}.Release|Any CPU.Build.0 = Release|Any CPU
		{4E0D997F-374E-43BE-9617-8DA82504B7C8}.Debug|Any CPU.ActiveCfg = Debug|Any CPU
		{4E0D997F-374E-43BE-9617-8DA82504B7C8}.Debug|Any CPU.Build.0 = Debug|Any CPU
		{4E0D997F-374E-43BE-9617-8DA82504B7C8}.Release|Any CPU.ActiveCfg = Release|Any CPU
		{4E0D997F-374E-43BE-9617-8DA82504B7C8}.Release|Any CPU.Build.0 = Release|Any CPU
		{08516E48-6E7C-4B45-9C9F-5C4125B17D09}.Debug|Any CPU.ActiveCfg = Debug|Any CPU
		{08516E48-6E7C-4B45-9C9F-5C4125B17D09}.Debug|Any CPU.Build.0 = Debug|Any CPU
		{08516E48-6E7C-4B45-9C9F-5C4125B17D09}.Release|Any CPU.ActiveCfg = Release|Any CPU
		{08516E48-6E7C-4B45-9C9F-5C4125B17D09}.Release|Any CPU.Build.0 = Release|Any CPU
		{CF75CDE2-002C-4113-824A-03A3B7C6847B}.Debug|Any CPU.ActiveCfg = Debug|Any CPU
		{CF75CDE2-002C-4113-824A-03A3B7C6847B}.Debug|Any CPU.Build.0 = Debug|Any CPU
		{CF75CDE2-002C-4113-824A-03A3B7C6847B}.Release|Any CPU.ActiveCfg = Release|Any CPU
		{CF75CDE2-002C-4113-824A-03A3B7C6847B}.Release|Any CPU.Build.0 = Release|Any CPU
		{304F5AEB-4189-4C9F-96DA-C32E57E5E1BE}.Debug|Any CPU.ActiveCfg = Debug|Any CPU
		{304F5AEB-4189-4C9F-96DA-C32E57E5E1BE}.Debug|Any CPU.Build.0 = Debug|Any CPU
		{304F5AEB-4189-4C9F-96DA-C32E57E5E1BE}.Release|Any CPU.ActiveCfg = Release|Any CPU
		{304F5AEB-4189-4C9F-96DA-C32E57E5E1BE}.Release|Any CPU.Build.0 = Release|Any CPU
		{62515044-F9C0-4D93-8B55-1407CCF8D3F2}.Debug|Any CPU.ActiveCfg = Debug|Any CPU
		{62515044-F9C0-4D93-8B55-1407CCF8D3F2}.Debug|Any CPU.Build.0 = Debug|Any CPU
		{62515044-F9C0-4D93-8B55-1407CCF8D3F2}.Release|Any CPU.ActiveCfg = Release|Any CPU
		{62515044-F9C0-4D93-8B55-1407CCF8D3F2}.Release|Any CPU.Build.0 = Release|Any CPU
		{799C36C7-C31E-41E6-A765-0D998705E080}.Debug|Any CPU.ActiveCfg = Debug|Any CPU
		{799C36C7-C31E-41E6-A765-0D998705E080}.Debug|Any CPU.Build.0 = Debug|Any CPU
		{799C36C7-C31E-41E6-A765-0D998705E080}.Release|Any CPU.ActiveCfg = Release|Any CPU
		{799C36C7-C31E-41E6-A765-0D998705E080}.Release|Any CPU.Build.0 = Release|Any CPU
	EndGlobalSection
	GlobalSection(SolutionProperties) = preSolution
		HideSolutionNode = FALSE
	EndGlobalSection
	GlobalSection(NestedProjects) = preSolution
		{AF5B2989-48E6-42F2-BE2C-B30F91F5287F} = {8D2EA3C0-3038-4AEC-B35F-C90A2D15BF07}
		{D1A16BEA-8831-4464-9382-86CB9B7F5849} = {10AE5C83-B4E4-4BA5-9812-B0B1E443305D}
		{31E345DA-8A65-436D-8DAC-EBFB6540CD00} = {10AE5C83-B4E4-4BA5-9812-B0B1E443305D}
		{4441AE3B-6EE5-4F5A-9F88-ED73BDCB1C02} = {10AE5C83-B4E4-4BA5-9812-B0B1E443305D}
		{69494402-9E85-4B1D-B0A1-F4D6659C5A8B} = {10AE5C83-B4E4-4BA5-9812-B0B1E443305D}
		{17E42CD8-C536-4506-89EF-826444DFBF60} = {E7376175-D243-42B3-9E37-D435FBBA6E7E}
		{4E0D997F-374E-43BE-9617-8DA82504B7C8} = {E7376175-D243-42B3-9E37-D435FBBA6E7E}
		{08516E48-6E7C-4B45-9C9F-5C4125B17D09} = {7A326B5B-401A-47EE-9B6F-2EF165D40802}
		{CF75CDE2-002C-4113-824A-03A3B7C6847B} = {8D2EA3C0-3038-4AEC-B35F-C90A2D15BF07}
		{304F5AEB-4189-4C9F-96DA-C32E57E5E1BE} = {8D2EA3C0-3038-4AEC-B35F-C90A2D15BF07}
		{62515044-F9C0-4D93-8B55-1407CCF8D3F2} = {8D2EA3C0-3038-4AEC-B35F-C90A2D15BF07}
		{799C36C7-C31E-41E6-A765-0D998705E080} = {7A326B5B-401A-47EE-9B6F-2EF165D40802}
	EndGlobalSection
EndGlobal
