
Microsoft Visual Studio Solution File, Format Version 12.00
# Visual Studio 2013
VisualStudioVersion = 12.0.31101.0
MinimumVisualStudioVersion = 10.0.40219.1
Project("{FAE04EC0-301F-11D3-BF4B-00C04F79EFBC}") = "DataLib", "DataLib\DataLib.csproj", "{F14028ED-2AE3-452B-9780-75EC4F09B3E2}"
	ProjectSection(ProjectDependencies) = postProject
		{D44B47AF-D567-4754-8E22-B24ACAC78CA4} = {D44B47AF-D567-4754-8E22-B24ACAC78CA4}
	EndProjectSection
EndProject
Project("{FAE04EC0-301F-11D3-BF4B-00C04F79EFBC}") = "MainLib", "MainLib\MainLib.csproj", "{69D040E8-9029-45C8-8824-D64C6DD793E3}"
	ProjectSection(ProjectDependencies) = postProject
		{D44B47AF-D567-4754-8E22-B24ACAC78CA4} = {D44B47AF-D567-4754-8E22-B24ACAC78CA4}
		{F14028ED-2AE3-452B-9780-75EC4F09B3E2} = {F14028ED-2AE3-452B-9780-75EC4F09B3E2}
	EndProjectSection
EndProject
Project("{FAE04EC0-301F-11D3-BF4B-00C04F79EFBC}") = "Registry", "Registry\Registry.csproj", "{39195B37-33A6-417A-8F77-DFB0EC8F3DD4}"
	ProjectSection(ProjectDependencies) = postProject
		{D44B47AF-D567-4754-8E22-B24ACAC78CA4} = {D44B47AF-D567-4754-8E22-B24ACAC78CA4}
		{69D040E8-9029-45C8-8824-D64C6DD793E3} = {69D040E8-9029-45C8-8824-D64C6DD793E3}
		{F14028ED-2AE3-452B-9780-75EC4F09B3E2} = {F14028ED-2AE3-452B-9780-75EC4F09B3E2}
	EndProjectSection
EndProject
Project("{00D1A9C2-B5F0-4AF3-8072-F6C62B433612}") = "DatabaseProject", "DatabaseProject\DatabaseProject.sqlproj", "{AF5B2989-48E6-42F2-BE2C-B30F91F5287F}"
EndProject
Project("{FAE04EC0-301F-11D3-BF4B-00C04F79EFBC}") = "StuffLib", "StuffLib\StuffLib.csproj", "{D44B47AF-D567-4754-8E22-B24ACAC78CA4}"
EndProject
Project("{FAE04EC0-301F-11D3-BF4B-00C04F79EFBC}") = "Resources", "Resources\Resources.csproj", "{F5EF279C-AD37-46CD-9558-61438976B828}"
EndProject
Project("{2150E333-8FDC-42A3-9474-1A3956D46DE8}") = "Test", "Test", "{10AE5C83-B4E4-4BA5-9812-B0B1E443305D}"
EndProject
Project("{FAE04EC0-301F-11D3-BF4B-00C04F79EFBC}") = "TestCore", "TestCore\TestCore.csproj", "{D1A16BEA-8831-4464-9382-86CB9B7F5849}"
EndProject
Project("{FAE04EC0-301F-11D3-BF4B-00C04F79EFBC}") = "MainLib.Test", "MainLib.Test\MainLib.Test.csproj", "{31E345DA-8A65-436D-8DAC-EBFB6540CD00}"
EndProject
Project("{FAE04EC0-301F-11D3-BF4B-00C04F79EFBC}") = "DatabaseUpdate", "DatabaseUpdate\DatabaseUpdate.csproj", "{53C0EFF3-2F75-42C3-87C2-F59DD01D02B4}"
EndProject
Project("{FAE04EC0-301F-11D3-BF4B-00C04F79EFBC}") = "AdminTools", "AdminTools\AdminTools.csproj", "{A59841E0-E51A-4A86-A121-152EF259B761}"
EndProject
Global
	GlobalSection(SolutionConfigurationPlatforms) = preSolution
		Debug|Any CPU = Debug|Any CPU
		Release|Any CPU = Release|Any CPU
	EndGlobalSection
	GlobalSection(ProjectConfigurationPlatforms) = postSolution
		{F14028ED-2AE3-452B-9780-75EC4F09B3E2}.Debug|Any CPU.ActiveCfg = Debug|Any CPU
		{F14028ED-2AE3-452B-9780-75EC4F09B3E2}.Debug|Any CPU.Build.0 = Debug|Any CPU
		{F14028ED-2AE3-452B-9780-75EC4F09B3E2}.Release|Any CPU.ActiveCfg = Release|Any CPU
		{F14028ED-2AE3-452B-9780-75EC4F09B3E2}.Release|Any CPU.Build.0 = Release|Any CPU
		{69D040E8-9029-45C8-8824-D64C6DD793E3}.Debug|Any CPU.ActiveCfg = Debug|Any CPU
		{69D040E8-9029-45C8-8824-D64C6DD793E3}.Debug|Any CPU.Build.0 = Debug|Any CPU
		{69D040E8-9029-45C8-8824-D64C6DD793E3}.Release|Any CPU.ActiveCfg = Release|Any CPU
		{69D040E8-9029-45C8-8824-D64C6DD793E3}.Release|Any CPU.Build.0 = Release|Any CPU
		{39195B37-33A6-417A-8F77-DFB0EC8F3DD4}.Debug|Any CPU.ActiveCfg = Debug|Any CPU
		{39195B37-33A6-417A-8F77-DFB0EC8F3DD4}.Debug|Any CPU.Build.0 = Debug|Any CPU
		{39195B37-33A6-417A-8F77-DFB0EC8F3DD4}.Release|Any CPU.ActiveCfg = Release|Any CPU
		{39195B37-33A6-417A-8F77-DFB0EC8F3DD4}.Release|Any CPU.Build.0 = Release|Any CPU
		{AF5B2989-48E6-42F2-BE2C-B30F91F5287F}.Debug|Any CPU.ActiveCfg = Debug|Any CPU
		{AF5B2989-48E6-42F2-BE2C-B30F91F5287F}.Debug|Any CPU.Build.0 = Debug|Any CPU
		{AF5B2989-48E6-42F2-BE2C-B30F91F5287F}.Debug|Any CPU.Deploy.0 = Debug|Any CPU
		{AF5B2989-48E6-42F2-BE2C-B30F91F5287F}.Release|Any CPU.ActiveCfg = Release|Any CPU
		{AF5B2989-48E6-42F2-BE2C-B30F91F5287F}.Release|Any CPU.Build.0 = Release|Any CPU
		{AF5B2989-48E6-42F2-BE2C-B30F91F5287F}.Release|Any CPU.Deploy.0 = Release|Any CPU
		{D44B47AF-D567-4754-8E22-B24ACAC78CA4}.Debug|Any CPU.ActiveCfg = Debug|Any CPU
		{D44B47AF-D567-4754-8E22-B24ACAC78CA4}.Debug|Any CPU.Build.0 = Debug|Any CPU
		{D44B47AF-D567-4754-8E22-B24ACAC78CA4}.Release|Any CPU.ActiveCfg = Release|Any CPU
		{D44B47AF-D567-4754-8E22-B24ACAC78CA4}.Release|Any CPU.Build.0 = Release|Any CPU
		{F5EF279C-AD37-46CD-9558-61438976B828}.Debug|Any CPU.ActiveCfg = Debug|Any CPU
		{F5EF279C-AD37-46CD-9558-61438976B828}.Debug|Any CPU.Build.0 = Debug|Any CPU
		{F5EF279C-AD37-46CD-9558-61438976B828}.Release|Any CPU.ActiveCfg = Release|Any CPU
		{F5EF279C-AD37-46CD-9558-61438976B828}.Release|Any CPU.Build.0 = Release|Any CPU
		{D1A16BEA-8831-4464-9382-86CB9B7F5849}.Debug|Any CPU.ActiveCfg = Debug|Any CPU
		{D1A16BEA-8831-4464-9382-86CB9B7F5849}.Debug|Any CPU.Build.0 = Debug|Any CPU
		{D1A16BEA-8831-4464-9382-86CB9B7F5849}.Release|Any CPU.ActiveCfg = Release|Any CPU
		{D1A16BEA-8831-4464-9382-86CB9B7F5849}.Release|Any CPU.Build.0 = Release|Any CPU
		{31E345DA-8A65-436D-8DAC-EBFB6540CD00}.Debug|Any CPU.ActiveCfg = Debug|Any CPU
		{31E345DA-8A65-436D-8DAC-EBFB6540CD00}.Debug|Any CPU.Build.0 = Debug|Any CPU
		{31E345DA-8A65-436D-8DAC-EBFB6540CD00}.Release|Any CPU.ActiveCfg = Release|Any CPU
		{31E345DA-8A65-436D-8DAC-EBFB6540CD00}.Release|Any CPU.Build.0 = Release|Any CPU
		{53C0EFF3-2F75-42C3-87C2-F59DD01D02B4}.Debug|Any CPU.ActiveCfg = Debug|Any CPU
		{53C0EFF3-2F75-42C3-87C2-F59DD01D02B4}.Debug|Any CPU.Build.0 = Debug|Any CPU
		{53C0EFF3-2F75-42C3-87C2-F59DD01D02B4}.Release|Any CPU.ActiveCfg = Release|Any CPU
		{53C0EFF3-2F75-42C3-87C2-F59DD01D02B4}.Release|Any CPU.Build.0 = Release|Any CPU
		{A59841E0-E51A-4A86-A121-152EF259B761}.Debug|Any CPU.ActiveCfg = Debug|Any CPU
		{A59841E0-E51A-4A86-A121-152EF259B761}.Debug|Any CPU.Build.0 = Debug|Any CPU
		{A59841E0-E51A-4A86-A121-152EF259B761}.Release|Any CPU.ActiveCfg = Release|Any CPU
		{A59841E0-E51A-4A86-A121-152EF259B761}.Release|Any CPU.Build.0 = Release|Any CPU
	EndGlobalSection
	GlobalSection(SolutionProperties) = preSolution
		HideSolutionNode = FALSE
	EndGlobalSection
	GlobalSection(NestedProjects) = preSolution
		{D1A16BEA-8831-4464-9382-86CB9B7F5849} = {10AE5C83-B4E4-4BA5-9812-B0B1E443305D}
		{31E345DA-8A65-436D-8DAC-EBFB6540CD00} = {10AE5C83-B4E4-4BA5-9812-B0B1E443305D}
	EndGlobalSection
EndGlobal
