
Microsoft Visual Studio Solution File, Format Version 12.00
# Visual Studio 2013
VisualStudioVersion = 12.0.31101.0
MinimumVisualStudioVersion = 10.0.40219.1
Project("{2150E333-8FDC-42A3-9474-1A3956D46DE8}") = "Shell", "Shell", "{2BC03AE7-2D21-4DFF-8C99-0DFA7D353097}"
EndProject
Project("{2150E333-8FDC-42A3-9474-1A3956D46DE8}") = "Core", "Core", "{49649D2D-32C3-4130-978A-ED328F498DCE}"
EndProject
Project("{2150E333-8FDC-42A3-9474-1A3956D46DE8}") = "Modules", "Modules", "{494382A1-EE6A-4AFC-A3F7-B9F811CA376B}"
EndProject
Project("{FAE04EC0-301F-11D3-BF4B-00C04F79EFBC}") = "Shell", "Shell\Shell.csproj", "{17E42CD8-C536-4506-89EF-826444DFBF60}"
	ProjectSection(ProjectDependencies) = postProject
		{5B63C016-181B-49E5-9B91-9120A78EBF72} = {5B63C016-181B-49E5-9B91-9120A78EBF72}
		{8D76E630-B26E-4B02-A43E-B0944711C702} = {8D76E630-B26E-4B02-A43E-B0944711C702}
		{F4302A36-DC23-4D61-B95C-0CAEF27024CA} = {F4302A36-DC23-4D61-B95C-0CAEF27024CA}
		{3139D047-8FAA-4481-AFF4-D47315F6EEED} = {3139D047-8FAA-4481-AFF4-D47315F6EEED}
		{08516E48-6E7C-4B45-9C9F-5C4125B17D09} = {08516E48-6E7C-4B45-9C9F-5C4125B17D09}
		{59668B9B-3EBE-4524-92EF-043FA2C9C898} = {59668B9B-3EBE-4524-92EF-043FA2C9C898}
	EndProjectSection
EndProject
Project("{FAE04EC0-301F-11D3-BF4B-00C04F79EFBC}") = "Shell.Shared", "Shell.Shared\Shell.Shared.csproj", "{4E0D997F-374E-43BE-9617-8DA82504B7C8}"
EndProject
Project("{FAE04EC0-301F-11D3-BF4B-00C04F79EFBC}") = "Core", "Core\Core.csproj", "{CF75CDE2-002C-4113-824A-03A3B7C6847B}"
EndProject
Project("{FAE04EC0-301F-11D3-BF4B-00C04F79EFBC}") = "Core.Data", "Core.Data\Core.Data.csproj", "{304F5AEB-4189-4C9F-96DA-C32E57E5E1BE}"
EndProject
Project("{FAE04EC0-301F-11D3-BF4B-00C04F79EFBC}") = "Core.Wpf", "Core.Wpf\Core.Wpf.csproj", "{62515044-F9C0-4D93-8B55-1407CCF8D3F2}"
EndProject
Project("{FAE04EC0-301F-11D3-BF4B-00C04F79EFBC}") = "PatientSearchModule", "PatientSearchModule\PatientSearchModule.csproj", "{08516E48-6E7C-4B45-9C9F-5C4125B17D09}"
EndProject
Project("{2150E333-8FDC-42A3-9474-1A3956D46DE8}") = "Data", "Data", "{7058AE0F-F40D-481D-BC1B-67A27D5612DD}"
EndProject
Project("{00D1A9C2-B5F0-4AF3-8072-F6C62B433612}") = "DatabaseProject", "DatabaseProject\DatabaseProject.sqlproj", "{AF5B2989-48E6-42F2-BE2C-B30F91F5287F}"
EndProject
Project("{2150E333-8FDC-42A3-9474-1A3956D46DE8}") = "Test", "Test", "{466756B6-43C2-4E6B-AEAC-AB8BBABB0883}"
EndProject
Project("{2150E333-8FDC-42A3-9474-1A3956D46DE8}") = "Modules", "Modules", "{72C61CEE-CA3B-4BFD-8E4C-4AAF1C195072}"
EndProject
Project("{FAE04EC0-301F-11D3-BF4B-00C04F79EFBC}") = "PatientSearchModule.Test", "Test\PatientSearchModule.Test\PatientSearchModule.Test.csproj", "{2C04BE63-9349-4F4C-8165-F9974565CAEF}"
EndProject
Project("{2150E333-8FDC-42A3-9474-1A3956D46DE8}") = "Core", "Core", "{68AFA218-A533-48B7-9943-72EA4F1E7F81}"
EndProject
Project("{FAE04EC0-301F-11D3-BF4B-00C04F79EFBC}") = "Core.Test", "Core.Test\Core.Test.csproj", "{6C53B11E-1A62-4EE6-BB36-02CEEAF05B36}"
EndProject
Project("{2150E333-8FDC-42A3-9474-1A3956D46DE8}") = "Data", "Data", "{F6A95A0B-2438-4097-90AC-F03126531E9A}"
EndProject
Project("{FAE04EC0-301F-11D3-BF4B-00C04F79EFBC}") = "Core.Data.Test", "Core.Data.Test\Core.Data.Test.csproj", "{DD3FE65F-C846-43DF-A3E7-03A2E57C8CA5}"
EndProject
Project("{FAE04EC0-301F-11D3-BF4B-00C04F79EFBC}") = "PatientInfoModule", "PatientInfoModule\PatientInfoModule.csproj", "{8D76E630-B26E-4B02-A43E-B0944711C702}"
EndProject
Project("{FAE04EC0-301F-11D3-BF4B-00C04F79EFBC}") = "DatabaseUpdate", "DatabaseUpdate\DatabaseUpdate.csproj", "{53C0EFF3-2F75-42C3-87C2-F59DD01D02B4}"
EndProject
Project("{FAE04EC0-301F-11D3-BF4B-00C04F79EFBC}") = "PatientRecordsModule", "PatientRecordsModule\PatientRecordsModule.csproj", "{5B63C016-181B-49E5-9B91-9120A78EBF72}"
EndProject
Project("{FAE04EC0-301F-11D3-BF4B-00C04F79EFBC}") = "OrganizationContractsModule", "OrganizationContracts\OrganizationContractsModule.csproj", "{3139D047-8FAA-4481-AFF4-D47315F6EEED}"
EndProject
Project("{FAE04EC0-301F-11D3-BF4B-00C04F79EFBC}") = "AdminModule", "AdminModule\AdminModule.csproj", "{F4302A36-DC23-4D61-B95C-0CAEF27024CA}"
EndProject
Project("{FAE04EC0-301F-11D3-BF4B-00C04F79EFBC}") = "Core.Reports", "Core.Reports\Core.Reports.csproj", "{59668B9B-3EBE-4524-92EF-043FA2C9C898}"
EndProject
Project("{FAE04EC0-301F-11D3-BF4B-00C04F79EFBC}") = "ScheduleModule", "ScheduleModule\ScheduleModule.csproj", "{155C16D2-D4E1-490E-97D1-9312D216AF47}"
EndProject
Global
	GlobalSection(SolutionConfigurationPlatforms) = preSolution
		Debug|Any CPU = Debug|Any CPU
		Release|Any CPU = Release|Any CPU
	EndGlobalSection
	GlobalSection(ProjectConfigurationPlatforms) = postSolution
		{17E42CD8-C536-4506-89EF-826444DFBF60}.Debug|Any CPU.ActiveCfg = Debug|Any CPU
		{17E42CD8-C536-4506-89EF-826444DFBF60}.Debug|Any CPU.Build.0 = Debug|Any CPU
		{17E42CD8-C536-4506-89EF-826444DFBF60}.Release|Any CPU.ActiveCfg = Release|Any CPU
		{17E42CD8-C536-4506-89EF-826444DFBF60}.Release|Any CPU.Build.0 = Release|Any CPU
		{4E0D997F-374E-43BE-9617-8DA82504B7C8}.Debug|Any CPU.ActiveCfg = Debug|Any CPU
		{4E0D997F-374E-43BE-9617-8DA82504B7C8}.Debug|Any CPU.Build.0 = Debug|Any CPU
		{4E0D997F-374E-43BE-9617-8DA82504B7C8}.Release|Any CPU.ActiveCfg = Release|Any CPU
		{4E0D997F-374E-43BE-9617-8DA82504B7C8}.Release|Any CPU.Build.0 = Release|Any CPU
		{CF75CDE2-002C-4113-824A-03A3B7C6847B}.Debug|Any CPU.ActiveCfg = Debug|Any CPU
		{CF75CDE2-002C-4113-824A-03A3B7C6847B}.Debug|Any CPU.Build.0 = Debug|Any CPU
		{CF75CDE2-002C-4113-824A-03A3B7C6847B}.Release|Any CPU.ActiveCfg = Release|Any CPU
		{CF75CDE2-002C-4113-824A-03A3B7C6847B}.Release|Any CPU.Build.0 = Release|Any CPU
		{304F5AEB-4189-4C9F-96DA-C32E57E5E1BE}.Debug|Any CPU.ActiveCfg = Debug|Any CPU
		{304F5AEB-4189-4C9F-96DA-C32E57E5E1BE}.Debug|Any CPU.Build.0 = Debug|Any CPU
		{304F5AEB-4189-4C9F-96DA-C32E57E5E1BE}.Release|Any CPU.ActiveCfg = Release|Any CPU
		{304F5AEB-4189-4C9F-96DA-C32E57E5E1BE}.Release|Any CPU.Build.0 = Release|Any CPU
		{62515044-F9C0-4D93-8B55-1407CCF8D3F2}.Debug|Any CPU.ActiveCfg = Debug|Any CPU
		{62515044-F9C0-4D93-8B55-1407CCF8D3F2}.Debug|Any CPU.Build.0 = Debug|Any CPU
		{62515044-F9C0-4D93-8B55-1407CCF8D3F2}.Release|Any CPU.ActiveCfg = Release|Any CPU
		{62515044-F9C0-4D93-8B55-1407CCF8D3F2}.Release|Any CPU.Build.0 = Release|Any CPU
		{08516E48-6E7C-4B45-9C9F-5C4125B17D09}.Debug|Any CPU.ActiveCfg = Debug|Any CPU
		{08516E48-6E7C-4B45-9C9F-5C4125B17D09}.Debug|Any CPU.Build.0 = Debug|Any CPU
		{08516E48-6E7C-4B45-9C9F-5C4125B17D09}.Release|Any CPU.ActiveCfg = Release|Any CPU
		{08516E48-6E7C-4B45-9C9F-5C4125B17D09}.Release|Any CPU.Build.0 = Release|Any CPU
		{AF5B2989-48E6-42F2-BE2C-B30F91F5287F}.Debug|Any CPU.ActiveCfg = Debug|Any CPU
		{AF5B2989-48E6-42F2-BE2C-B30F91F5287F}.Debug|Any CPU.Build.0 = Debug|Any CPU
		{AF5B2989-48E6-42F2-BE2C-B30F91F5287F}.Debug|Any CPU.Deploy.0 = Debug|Any CPU
		{AF5B2989-48E6-42F2-BE2C-B30F91F5287F}.Release|Any CPU.ActiveCfg = Release|Any CPU
		{AF5B2989-48E6-42F2-BE2C-B30F91F5287F}.Release|Any CPU.Build.0 = Release|Any CPU
		{AF5B2989-48E6-42F2-BE2C-B30F91F5287F}.Release|Any CPU.Deploy.0 = Release|Any CPU
		{2C04BE63-9349-4F4C-8165-F9974565CAEF}.Debug|Any CPU.ActiveCfg = Debug|Any CPU
		{2C04BE63-9349-4F4C-8165-F9974565CAEF}.Debug|Any CPU.Build.0 = Debug|Any CPU
		{2C04BE63-9349-4F4C-8165-F9974565CAEF}.Release|Any CPU.ActiveCfg = Release|Any CPU
		{2C04BE63-9349-4F4C-8165-F9974565CAEF}.Release|Any CPU.Build.0 = Release|Any CPU
		{6C53B11E-1A62-4EE6-BB36-02CEEAF05B36}.Debug|Any CPU.ActiveCfg = Debug|Any CPU
		{6C53B11E-1A62-4EE6-BB36-02CEEAF05B36}.Debug|Any CPU.Build.0 = Debug|Any CPU
		{6C53B11E-1A62-4EE6-BB36-02CEEAF05B36}.Release|Any CPU.ActiveCfg = Release|Any CPU
		{6C53B11E-1A62-4EE6-BB36-02CEEAF05B36}.Release|Any CPU.Build.0 = Release|Any CPU
		{DD3FE65F-C846-43DF-A3E7-03A2E57C8CA5}.Debug|Any CPU.ActiveCfg = Debug|Any CPU
		{DD3FE65F-C846-43DF-A3E7-03A2E57C8CA5}.Debug|Any CPU.Build.0 = Debug|Any CPU
		{DD3FE65F-C846-43DF-A3E7-03A2E57C8CA5}.Release|Any CPU.ActiveCfg = Release|Any CPU
		{DD3FE65F-C846-43DF-A3E7-03A2E57C8CA5}.Release|Any CPU.Build.0 = Release|Any CPU
		{8D76E630-B26E-4B02-A43E-B0944711C702}.Debug|Any CPU.ActiveCfg = Debug|Any CPU
		{8D76E630-B26E-4B02-A43E-B0944711C702}.Debug|Any CPU.Build.0 = Debug|Any CPU
		{8D76E630-B26E-4B02-A43E-B0944711C702}.Release|Any CPU.ActiveCfg = Release|Any CPU
		{8D76E630-B26E-4B02-A43E-B0944711C702}.Release|Any CPU.Build.0 = Release|Any CPU
		{53C0EFF3-2F75-42C3-87C2-F59DD01D02B4}.Debug|Any CPU.ActiveCfg = Debug|Any CPU
		{53C0EFF3-2F75-42C3-87C2-F59DD01D02B4}.Debug|Any CPU.Build.0 = Debug|Any CPU
		{53C0EFF3-2F75-42C3-87C2-F59DD01D02B4}.Release|Any CPU.ActiveCfg = Release|Any CPU
		{53C0EFF3-2F75-42C3-87C2-F59DD01D02B4}.Release|Any CPU.Build.0 = Release|Any CPU
		{5B63C016-181B-49E5-9B91-9120A78EBF72}.Debug|Any CPU.ActiveCfg = Debug|Any CPU
		{5B63C016-181B-49E5-9B91-9120A78EBF72}.Debug|Any CPU.Build.0 = Debug|Any CPU
		{5B63C016-181B-49E5-9B91-9120A78EBF72}.Release|Any CPU.ActiveCfg = Release|Any CPU
		{5B63C016-181B-49E5-9B91-9120A78EBF72}.Release|Any CPU.Build.0 = Release|Any CPU
		{3139D047-8FAA-4481-AFF4-D47315F6EEED}.Debug|Any CPU.ActiveCfg = Debug|Any CPU
		{3139D047-8FAA-4481-AFF4-D47315F6EEED}.Debug|Any CPU.Build.0 = Debug|Any CPU
		{3139D047-8FAA-4481-AFF4-D47315F6EEED}.Release|Any CPU.ActiveCfg = Release|Any CPU
		{3139D047-8FAA-4481-AFF4-D47315F6EEED}.Release|Any CPU.Build.0 = Release|Any CPU
		{F4302A36-DC23-4D61-B95C-0CAEF27024CA}.Debug|Any CPU.ActiveCfg = Debug|Any CPU
		{F4302A36-DC23-4D61-B95C-0CAEF27024CA}.Debug|Any CPU.Build.0 = Debug|Any CPU
		{F4302A36-DC23-4D61-B95C-0CAEF27024CA}.Release|Any CPU.ActiveCfg = Release|Any CPU
		{F4302A36-DC23-4D61-B95C-0CAEF27024CA}.Release|Any CPU.Build.0 = Release|Any CPU
		{59668B9B-3EBE-4524-92EF-043FA2C9C898}.Debug|Any CPU.ActiveCfg = Debug|Any CPU
		{59668B9B-3EBE-4524-92EF-043FA2C9C898}.Debug|Any CPU.Build.0 = Debug|Any CPU
		{59668B9B-3EBE-4524-92EF-043FA2C9C898}.Release|Any CPU.ActiveCfg = Release|Any CPU
		{59668B9B-3EBE-4524-92EF-043FA2C9C898}.Release|Any CPU.Build.0 = Release|Any CPU
		{155C16D2-D4E1-490E-97D1-9312D216AF47}.Debug|Any CPU.ActiveCfg = Debug|Any CPU
		{155C16D2-D4E1-490E-97D1-9312D216AF47}.Debug|Any CPU.Build.0 = Debug|Any CPU
		{155C16D2-D4E1-490E-97D1-9312D216AF47}.Release|Any CPU.ActiveCfg = Release|Any CPU
		{155C16D2-D4E1-490E-97D1-9312D216AF47}.Release|Any CPU.Build.0 = Release|Any CPU
	EndGlobalSection
	GlobalSection(SolutionProperties) = preSolution
		HideSolutionNode = FALSE
	EndGlobalSection
	GlobalSection(NestedProjects) = preSolution
		{17E42CD8-C536-4506-89EF-826444DFBF60} = {2BC03AE7-2D21-4DFF-8C99-0DFA7D353097}
		{4E0D997F-374E-43BE-9617-8DA82504B7C8} = {466756B6-43C2-4E6B-AEAC-AB8BBABB0883}
		{CF75CDE2-002C-4113-824A-03A3B7C6847B} = {49649D2D-32C3-4130-978A-ED328F498DCE}
		{304F5AEB-4189-4C9F-96DA-C32E57E5E1BE} = {7058AE0F-F40D-481D-BC1B-67A27D5612DD}
		{62515044-F9C0-4D93-8B55-1407CCF8D3F2} = {49649D2D-32C3-4130-978A-ED328F498DCE}
		{08516E48-6E7C-4B45-9C9F-5C4125B17D09} = {494382A1-EE6A-4AFC-A3F7-B9F811CA376B}
		{AF5B2989-48E6-42F2-BE2C-B30F91F5287F} = {7058AE0F-F40D-481D-BC1B-67A27D5612DD}
		{72C61CEE-CA3B-4BFD-8E4C-4AAF1C195072} = {466756B6-43C2-4E6B-AEAC-AB8BBABB0883}
		{2C04BE63-9349-4F4C-8165-F9974565CAEF} = {72C61CEE-CA3B-4BFD-8E4C-4AAF1C195072}
		{68AFA218-A533-48B7-9943-72EA4F1E7F81} = {466756B6-43C2-4E6B-AEAC-AB8BBABB0883}
		{6C53B11E-1A62-4EE6-BB36-02CEEAF05B36} = {68AFA218-A533-48B7-9943-72EA4F1E7F81}
		{F6A95A0B-2438-4097-90AC-F03126531E9A} = {466756B6-43C2-4E6B-AEAC-AB8BBABB0883}
		{DD3FE65F-C846-43DF-A3E7-03A2E57C8CA5} = {F6A95A0B-2438-4097-90AC-F03126531E9A}
		{8D76E630-B26E-4B02-A43E-B0944711C702} = {494382A1-EE6A-4AFC-A3F7-B9F811CA376B}
		{53C0EFF3-2F75-42C3-87C2-F59DD01D02B4} = {7058AE0F-F40D-481D-BC1B-67A27D5612DD}
		{5B63C016-181B-49E5-9B91-9120A78EBF72} = {494382A1-EE6A-4AFC-A3F7-B9F811CA376B}
		{3139D047-8FAA-4481-AFF4-D47315F6EEED} = {494382A1-EE6A-4AFC-A3F7-B9F811CA376B}
		{F4302A36-DC23-4D61-B95C-0CAEF27024CA} = {494382A1-EE6A-4AFC-A3F7-B9F811CA376B}
		{59668B9B-3EBE-4524-92EF-043FA2C9C898} = {49649D2D-32C3-4130-978A-ED328F498DCE}
		{155C16D2-D4E1-490E-97D1-9312D216AF47} = {494382A1-EE6A-4AFC-A3F7-B9F811CA376B}
	EndGlobalSection
EndGlobal
